Microsoft Visual Studio Solution File, Format Version 12.00
# Visual Studio 2012
Project("{FAE04EC0-301F-11D3-BF4B-00C04F79EFBC}") = "ThereIsNoTutorial", "ThereIsNoTutorial.csproj", "{2870E14C-F583-4BF9-9A81-83C7E2523C32}"
EndProject
Global
	GlobalSection(SolutionConfigurationPlatforms) = preSolution
	Debug|Any CPU = Debug|Any CPU
	ExportDebug|Any CPU = ExportDebug|Any CPU
	ExportRelease|Any CPU = ExportRelease|Any CPU
	EndGlobalSection
	GlobalSection(ProjectConfigurationPlatforms) = postSolution
		{2870E14C-F583-4BF9-9A81-83C7E2523C32}.Debug|Any CPU.ActiveCfg = Debug|Any CPU
		{2870E14C-F583-4BF9-9A81-83C7E2523C32}.Debug|Any CPU.Build.0 = Debug|Any CPU
		{2870E14C-F583-4BF9-9A81-83C7E2523C32}.ExportDebug|Any CPU.ActiveCfg = ExportDebug|Any CPU
		{2870E14C-F583-4BF9-9A81-83C7E2523C32}.ExportDebug|Any CPU.Build.0 = ExportDebug|Any CPU
		{2870E14C-F583-4BF9-9A81-83C7E2523C32}.ExportRelease|Any CPU.ActiveCfg = ExportRelease|Any CPU
		{2870E14C-F583-4BF9-9A81-83C7E2523C32}.ExportRelease|Any CPU.Build.0 = ExportRelease|Any CPU
	EndGlobalSection
EndGlobal
